
Microsoft Visual Studio Solution File, Format Version 12.00
# Visual Studio 15
VisualStudioVersion = 15.0.28307.438
MinimumVisualStudioVersion = 10.0.40219.1
Project("{9A19103F-16F7-4668-BE54-9A1E7A4F7556}") = "contact-app", "contact-app.csproj", "{BEB2E818-1A8D-4B79-8FF6-DC063E83D1A4}"
EndProject
Global
	GlobalSection(SolutionConfigurationPlatforms) = preSolution
		Debug|Any CPU = Debug|Any CPU
		Release|Any CPU = Release|Any CPU
	EndGlobalSection
	GlobalSection(ProjectConfigurationPlatforms) = postSolution
		{BEB2E818-1A8D-4B79-8FF6-DC063E83D1A4}.Debug|Any CPU.ActiveCfg = Debug|Any CPU
		{BEB2E818-1A8D-4B79-8FF6-DC063E83D1A4}.Debug|Any CPU.Build.0 = Debug|Any CPU
		{BEB2E818-1A8D-4B79-8FF6-DC063E83D1A4}.Release|Any CPU.ActiveCfg = Release|Any CPU
		{BEB2E818-1A8D-4B79-8FF6-DC063E83D1A4}.Release|Any CPU.Build.0 = Release|Any CPU
	EndGlobalSection
	GlobalSection(SolutionProperties) = preSolution
		HideSolutionNode = FALSE
	EndGlobalSection
	GlobalSection(ExtensibilityGlobals) = postSolution
		SolutionGuid = {486FD68E-ABC3-4871-8939-0BAFDD7FEC42}
	EndGlobalSection
EndGlobal
